
Microsoft Visual Studio Solution File, Format Version 12.00
# Visual Studio Express 2013 for Windows Desktop
VisualStudioVersion = 12.0.30723.0
MinimumVisualStudioVersion = 10.0.40219.1
Project("{FAE04EC0-301F-11D3-BF4B-00C04F79EFBC}") = "Plugin", "Plugin\Plugin.csproj", "{B1BBE049-9206-47EC-80D1-66C1B063A61E}"
	ProjectSection(ProjectDependencies) = postProject
		{A2E2AF16-7520-4514-A960-4B6FED54A6E6} = {A2E2AF16-7520-4514-A960-4B6FED54A6E6}
	EndProjectSection
EndProject
Project("{FAE04EC0-301F-11D3-BF4B-00C04F79EFBC}") = "PluginHost", "PluginHost\PluginHost.csproj", "{473F62D3-C5A6-4A3A-9BFD-59ADA121AD2F}"
	ProjectSection(ProjectDependencies) = postProject
		{A2E2AF16-7520-4514-A960-4B6FED54A6E6} = {A2E2AF16-7520-4514-A960-4B6FED54A6E6}
	EndProjectSection
EndProject
Project("{FAE04EC0-301F-11D3-BF4B-00C04F79EFBC}") = "Interface", "Interface\Interface.csproj", "{A2E2AF16-7520-4514-A960-4B6FED54A6E6}"
EndProject
Global
	GlobalSection(SolutionConfigurationPlatforms) = preSolution
		Debug|Any CPU = Debug|Any CPU
		Release|Any CPU = Release|Any CPU
	EndGlobalSection
	GlobalSection(ProjectConfigurationPlatforms) = postSolution
		{B1BBE049-9206-47EC-80D1-66C1B063A61E}.Debug|Any CPU.ActiveCfg = Debug|Any CPU
		{B1BBE049-9206-47EC-80D1-66C1B063A61E}.Debug|Any CPU.Build.0 = Debug|Any CPU
		{B1BBE049-9206-47EC-80D1-66C1B063A61E}.Release|Any CPU.ActiveCfg = Release|Any CPU
		{B1BBE049-9206-47EC-80D1-66C1B063A61E}.Release|Any CPU.Build.0 = Release|Any CPU
		{473F62D3-C5A6-4A3A-9BFD-59ADA121AD2F}.Debug|Any CPU.ActiveCfg = Debug|Any CPU
		{473F62D3-C5A6-4A3A-9BFD-59ADA121AD2F}.Debug|Any CPU.Build.0 = Debug|Any CPU
		{473F62D3-C5A6-4A3A-9BFD-59ADA121AD2F}.Release|Any CPU.ActiveCfg = Release|Any CPU
		{473F62D3-C5A6-4A3A-9BFD-59ADA121AD2F}.Release|Any CPU.Build.0 = Release|Any CPU
		{A2E2AF16-7520-4514-A960-4B6FED54A6E6}.Debug|Any CPU.ActiveCfg = Debug|Any CPU
		{A2E2AF16-7520-4514-A960-4B6FED54A6E6}.Debug|Any CPU.Build.0 = Debug|Any CPU
		{A2E2AF16-7520-4514-A960-4B6FED54A6E6}.Release|Any CPU.ActiveCfg = Release|Any CPU
		{A2E2AF16-7520-4514-A960-4B6FED54A6E6}.Release|Any CPU.Build.0 = Release|Any CPU
	EndGlobalSection
	GlobalSection(SolutionProperties) = preSolution
		HideSolutionNode = FALSE
	EndGlobalSection
EndGlobal
